
Microsoft Visual Studio Solution File, Format Version 11.00
# Visual Studio 2010
Project("{8BC9CEB8-8B4A-11D0-8D11-00A0C91BC942}") = "esercizio2_16_11_2015", "esercizio2_16_11_2015\esercizio2_16_11_2015.vcxproj", "{B794D75C-D9B8-4143-B8B2-00D30474B4BF}"
EndProject
Global
	GlobalSection(SolutionConfigurationPlatforms) = preSolution
		Debug|Win32 = Debug|Win32
		Release|Win32 = Release|Win32
	EndGlobalSection
	GlobalSection(ProjectConfigurationPlatforms) = postSolution
		{B794D75C-D9B8-4143-B8B2-00D30474B4BF}.Debug|Win32.ActiveCfg = Debug|Win32
		{B794D75C-D9B8-4143-B8B2-00D30474B4BF}.Debug|Win32.Build.0 = Debug|Win32
		{B794D75C-D9B8-4143-B8B2-00D30474B4BF}.Release|Win32.ActiveCfg = Release|Win32
		{B794D75C-D9B8-4143-B8B2-00D30474B4BF}.Release|Win32.Build.0 = Release|Win32
	EndGlobalSection
	GlobalSection(SolutionProperties) = preSolution
		HideSolutionNode = FALSE
	EndGlobalSection
EndGlobal
