
Microsoft Visual Studio Solution File, Format Version 11.00
# Visual Studio 2010
Project("{8BC9CEB8-8B4A-11D0-8D11-00A0C91BC942}") = "esercizio3_23_11_2015", "esercizio3_23_11_2015\esercizio3_23_11_2015.vcxproj", "{C1439A33-15DE-4C7E-896B-E1027F53CCDD}"
EndProject
Global
	GlobalSection(SolutionConfigurationPlatforms) = preSolution
		Debug|Win32 = Debug|Win32
		Release|Win32 = Release|Win32
	EndGlobalSection
	GlobalSection(ProjectConfigurationPlatforms) = postSolution
		{C1439A33-15DE-4C7E-896B-E1027F53CCDD}.Debug|Win32.ActiveCfg = Debug|Win32
		{C1439A33-15DE-4C7E-896B-E1027F53CCDD}.Debug|Win32.Build.0 = Debug|Win32
		{C1439A33-15DE-4C7E-896B-E1027F53CCDD}.Release|Win32.ActiveCfg = Release|Win32
		{C1439A33-15DE-4C7E-896B-E1027F53CCDD}.Release|Win32.Build.0 = Release|Win32
	EndGlobalSection
	GlobalSection(SolutionProperties) = preSolution
		HideSolutionNode = FALSE
	EndGlobalSection
EndGlobal
