
Microsoft Visual Studio Solution File, Format Version 11.00
# Visual Basic Express 2010
Project("{F184B08F-C81C-45F6-A57F-5ABD9991F28F}") = "Gestione Clienti Mamma", "Gestione Clienti Mamma\Gestione Clienti Mamma.vbproj", "{454EE8B0-7D76-402E-9849-99AC4FBCDB06}"
EndProject
Global
	GlobalSection(SolutionConfigurationPlatforms) = preSolution
		Debug|x86 = Debug|x86
		Release|x86 = Release|x86
	EndGlobalSection
	GlobalSection(ProjectConfigurationPlatforms) = postSolution
		{454EE8B0-7D76-402E-9849-99AC4FBCDB06}.Debug|x86.ActiveCfg = Debug|x86
		{454EE8B0-7D76-402E-9849-99AC4FBCDB06}.Debug|x86.Build.0 = Debug|x86
		{454EE8B0-7D76-402E-9849-99AC4FBCDB06}.Release|x86.ActiveCfg = Release|x86
		{454EE8B0-7D76-402E-9849-99AC4FBCDB06}.Release|x86.Build.0 = Release|x86
	EndGlobalSection
	GlobalSection(SolutionProperties) = preSolution
		HideSolutionNode = FALSE
	EndGlobalSection
EndGlobal
