
Microsoft Visual Studio Solution File, Format Version 11.00
# Visual Studio 2010
Project("{8BC9CEB8-8B4A-11D0-8D11-00A0C91BC942}") = "esercizio2_23_11_2015", "esercizio2_23_11_2015\esercizio2_23_11_2015.vcxproj", "{15B02C78-9A1E-4F8C-A986-22E47B306D56}"
EndProject
Global
	GlobalSection(SolutionConfigurationPlatforms) = preSolution
		Debug|Win32 = Debug|Win32
		Release|Win32 = Release|Win32
	EndGlobalSection
	GlobalSection(ProjectConfigurationPlatforms) = postSolution
		{15B02C78-9A1E-4F8C-A986-22E47B306D56}.Debug|Win32.ActiveCfg = Debug|Win32
		{15B02C78-9A1E-4F8C-A986-22E47B306D56}.Debug|Win32.Build.0 = Debug|Win32
		{15B02C78-9A1E-4F8C-A986-22E47B306D56}.Release|Win32.ActiveCfg = Release|Win32
		{15B02C78-9A1E-4F8C-A986-22E47B306D56}.Release|Win32.Build.0 = Release|Win32
	EndGlobalSection
	GlobalSection(SolutionProperties) = preSolution
		HideSolutionNode = FALSE
	EndGlobalSection
EndGlobal
