
Microsoft Visual Studio Solution File, Format Version 11.00
# Visual Basic Express 2010
Project("{F184B08F-C81C-45F6-A57F-5ABD9991F28F}") = "numeri dispari", "numeri dispari\numeri dispari.vbproj", "{3A312C14-ECF0-4DE5-8E7F-7BDC8875761B}"
EndProject
Global
	GlobalSection(SolutionConfigurationPlatforms) = preSolution
		Debug|x86 = Debug|x86
		Release|x86 = Release|x86
	EndGlobalSection
	GlobalSection(ProjectConfigurationPlatforms) = postSolution
		{3A312C14-ECF0-4DE5-8E7F-7BDC8875761B}.Debug|x86.ActiveCfg = Debug|x86
		{3A312C14-ECF0-4DE5-8E7F-7BDC8875761B}.Debug|x86.Build.0 = Debug|x86
		{3A312C14-ECF0-4DE5-8E7F-7BDC8875761B}.Release|x86.ActiveCfg = Release|x86
		{3A312C14-ECF0-4DE5-8E7F-7BDC8875761B}.Release|x86.Build.0 = Release|x86
	EndGlobalSection
	GlobalSection(SolutionProperties) = preSolution
		HideSolutionNode = FALSE
	EndGlobalSection
EndGlobal
